
Microsoft Visual Studio Solution File, Format Version 12.00
# Visual Studio Version 17
VisualStudioVersion = 17.9.34607.119
MinimumVisualStudioVersion = 10.0.40219.1
Project("{FAE04EC0-301F-11D3-BF4B-00C04F79EFBC}") = "DPGI", "DPGI.csproj", "{8E4E3EA4-0CF2-4E29-90B1-F1F9E6EFC470}"
EndProject
Global
	GlobalSection(SolutionConfigurationPlatforms) = preSolution
		Debug|Any CPU = Debug|Any CPU
		Release|Any CPU = Release|Any CPU
	EndGlobalSection
	GlobalSection(ProjectConfigurationPlatforms) = postSolution
		{8E4E3EA4-0CF2-4E29-90B1-F1F9E6EFC470}.Debug|Any CPU.ActiveCfg = Debug|Any CPU
		{8E4E3EA4-0CF2-4E29-90B1-F1F9E6EFC470}.Debug|Any CPU.Build.0 = Debug|Any CPU
		{8E4E3EA4-0CF2-4E29-90B1-F1F9E6EFC470}.Release|Any CPU.ActiveCfg = Release|Any CPU
		{8E4E3EA4-0CF2-4E29-90B1-F1F9E6EFC470}.Release|Any CPU.Build.0 = Release|Any CPU
	EndGlobalSection
	GlobalSection(SolutionProperties) = preSolution
		HideSolutionNode = FALSE
	EndGlobalSection
	GlobalSection(ExtensibilityGlobals) = postSolution
		SolutionGuid = {2EE48F1E-9BAC-462C-88C1-54C2A6F890E5}
	EndGlobalSection
EndGlobal
